# THIS IS AN AUTOGENERATED FILE. DO NOT EDIT THIS FILE DIRECTLY.
# yarn lockfile v1


"@hotwired/turbo-rails@^8.0.9":
  version "8.0.9"
  resolved "https://registry.yarnpkg.com/@hotwired/turbo-rails/-/turbo-rails-8.0.9.tgz#e18f4035dab26c6c12f17245225e9f3a89fd6216"
  integrity sha512-yJWcKjztrerWYIiinv/febJlVzsOfih2s4eGAoHmg0XvWkGhzWqupknByt18Jo5NfbZgCdeWlUH3q818Ay7FOQ==
  dependencies:
    "@hotwired/turbo" "^8.0.6"
    "@rails/actioncable" "^7.0"

"@hotwired/turbo@^8.0.6":
  version "8.0.6"
  resolved "https://registry.yarnpkg.com/@hotwired/turbo/-/turbo-8.0.6.tgz#d7c546f7700f18ebfe4d1b106e03c9ed1bb22887"
  integrity sha512-mwZRfwcJ4yatUnW5tcCY9NDvo0kjuuLQF/y8pXigHhS+c/JY/ccNluVyuERR9Sraqx0qdpenkO3pNeSWz1mE3w==

"@rails/actioncable@^7.0":
  version "7.2.100"
  resolved "https://registry.yarnpkg.com/@rails/actioncable/-/actioncable-7.2.100.tgz#86ec1c2e00c357cef1e421fd63863d5c34339ce8"
  integrity sha512-7xtIENf0Yw59AFDM3+xqxPCZxev3QVAqjPmUzmgsB9eL8S/zTpB0IU9srNc7XknzJI4e09XKNnCaJRx3gfYzXA==
